
Microsoft Visual Studio Solution File, Format Version 12.00
# Visual Studio Version 17
VisualStudioVersion = 17.5.33627.172
MinimumVisualStudioVersion = 10.0.40219.1
Project("{9A19103F-16F7-4668-BE54-9A1E7A4F7556}") = "ePTS.Web", "ePTS.Web\ePTS.Web.csproj", "{B65876F9-6EA5-4504-80A7-45A7E5F1B8C4}"
EndProject
Project("{9A19103F-16F7-4668-BE54-9A1E7A4F7556}") = "ePTS.Data", "ePTS.Data\ePTS.Data.csproj", "{1D1D3255-8ACF-487F-BF9C-EAC45D2E5590}"
EndProject
Project("{9A19103F-16F7-4668-BE54-9A1E7A4F7556}") = "ePTS.Migrations", "ePTS.Migrations\ePTS.Migrations.csproj", "{AB546A82-1995-4F36-A948-93CE08E37E6C}"
EndProject
Project("{9A19103F-16F7-4668-BE54-9A1E7A4F7556}") = "ePTS.Entities", "ePTS.Entities\ePTS.Entities.csproj", "{B92F1D71-3CE3-465B-BC71-967E628635A1}"
EndProject
Project("{9A19103F-16F7-4668-BE54-9A1E7A4F7556}") = "ePTS.Models", "ePTS.Models\ePTS.Models.csproj", "{0A516906-D6D2-4BF3-8F47-BBB99AD32F30}"
EndProject
Global
	GlobalSection(SolutionConfigurationPlatforms) = preSolution
		Debug|Any CPU = Debug|Any CPU
		Release|Any CPU = Release|Any CPU
	EndGlobalSection
	GlobalSection(ProjectConfigurationPlatforms) = postSolution
		{B65876F9-6EA5-4504-80A7-45A7E5F1B8C4}.Debug|Any CPU.ActiveCfg = Debug|Any CPU
		{B65876F9-6EA5-4504-80A7-45A7E5F1B8C4}.Debug|Any CPU.Build.0 = Debug|Any CPU
		{B65876F9-6EA5-4504-80A7-45A7E5F1B8C4}.Release|Any CPU.ActiveCfg = Release|Any CPU
		{B65876F9-6EA5-4504-80A7-45A7E5F1B8C4}.Release|Any CPU.Build.0 = Release|Any CPU
		{1D1D3255-8ACF-487F-BF9C-EAC45D2E5590}.Debug|Any CPU.ActiveCfg = Debug|Any CPU
		{1D1D3255-8ACF-487F-BF9C-EAC45D2E5590}.Debug|Any CPU.Build.0 = Debug|Any CPU
		{1D1D3255-8ACF-487F-BF9C-EAC45D2E5590}.Release|Any CPU.ActiveCfg = Release|Any CPU
		{1D1D3255-8ACF-487F-BF9C-EAC45D2E5590}.Release|Any CPU.Build.0 = Release|Any CPU
		{AB546A82-1995-4F36-A948-93CE08E37E6C}.Debug|Any CPU.ActiveCfg = Debug|Any CPU
		{AB546A82-1995-4F36-A948-93CE08E37E6C}.Debug|Any CPU.Build.0 = Debug|Any CPU
		{AB546A82-1995-4F36-A948-93CE08E37E6C}.Release|Any CPU.ActiveCfg = Release|Any CPU
		{AB546A82-1995-4F36-A948-93CE08E37E6C}.Release|Any CPU.Build.0 = Release|Any CPU
		{B92F1D71-3CE3-465B-BC71-967E628635A1}.Debug|Any CPU.ActiveCfg = Debug|Any CPU
		{B92F1D71-3CE3-465B-BC71-967E628635A1}.Debug|Any CPU.Build.0 = Debug|Any CPU
		{B92F1D71-3CE3-465B-BC71-967E628635A1}.Release|Any CPU.ActiveCfg = Release|Any CPU
		{B92F1D71-3CE3-465B-BC71-967E628635A1}.Release|Any CPU.Build.0 = Release|Any CPU
		{0A516906-D6D2-4BF3-8F47-BBB99AD32F30}.Debug|Any CPU.ActiveCfg = Debug|Any CPU
		{0A516906-D6D2-4BF3-8F47-BBB99AD32F30}.Debug|Any CPU.Build.0 = Debug|Any CPU
		{0A516906-D6D2-4BF3-8F47-BBB99AD32F30}.Release|Any CPU.ActiveCfg = Release|Any CPU
		{0A516906-D6D2-4BF3-8F47-BBB99AD32F30}.Release|Any CPU.Build.0 = Release|Any CPU
	EndGlobalSection
	GlobalSection(SolutionProperties) = preSolution
		HideSolutionNode = FALSE
	EndGlobalSection
	GlobalSection(ExtensibilityGlobals) = postSolution
		SolutionGuid = {FF300C7B-B8F8-4300-BCDF-3FCE14C8687E}
	EndGlobalSection
EndGlobal
